
Microsoft Visual Studio Solution File, Format Version 12.00
# Visual Studio Version 16
VisualStudioVersion = 16.0.29123.88
MinimumVisualStudioVersion = 10.0.40219.1
Project("{FAE04EC0-301F-11D3-BF4B-00C04F79EFBC}") = "Customer Management System", "Customer Management System.csproj", "{39BE0FF8-629F-469F-9939-562339FD54E4}"
EndProject
Project("{54435603-DBB4-11D2-8724-00A0C9A8B90C}") = "PatsCMS", "..\PatsCMS\PatsCMS.vdproj", "{00AFC7F6-C4F7-4229-8937-ECB9736FC002}"
EndProject
Global
	GlobalSection(SolutionConfigurationPlatforms) = preSolution
		Debug|Any CPU = Debug|Any CPU
		Release|Any CPU = Release|Any CPU
	EndGlobalSection
	GlobalSection(ProjectConfigurationPlatforms) = postSolution
		{39BE0FF8-629F-469F-9939-562339FD54E4}.Debug|Any CPU.ActiveCfg = Debug|Any CPU
		{39BE0FF8-629F-469F-9939-562339FD54E4}.Debug|Any CPU.Build.0 = Debug|Any CPU
		{39BE0FF8-629F-469F-9939-562339FD54E4}.Release|Any CPU.ActiveCfg = Release|Any CPU
		{39BE0FF8-629F-469F-9939-562339FD54E4}.Release|Any CPU.Build.0 = Release|Any CPU
		{00AFC7F6-C4F7-4229-8937-ECB9736FC002}.Debug|Any CPU.ActiveCfg = Debug
		{00AFC7F6-C4F7-4229-8937-ECB9736FC002}.Release|Any CPU.ActiveCfg = Release
	EndGlobalSection
	GlobalSection(SolutionProperties) = preSolution
		HideSolutionNode = FALSE
	EndGlobalSection
	GlobalSection(ExtensibilityGlobals) = postSolution
		SolutionGuid = {9C1C3FEF-A4AB-4927-83BA-EC26ECF6EB0F}
	EndGlobalSection
EndGlobal
